PODS:
  - AFNetworking (3.2.0):
    - AFNetworking/NSURLSession (= 3.2.0)
    - AFNetworking/Reachability (= 3.2.0)
    - AFNetworking/Security (= 3.2.0)
    - AFNetworking/Serialization (= 3.2.0)
    - AFNetworking/UIKit (= 3.2.0)
  - AFNetworking/NSURLSession (3.2.0):
    - AFNetworking/Reachability
    - AFNetworking/Security
    - AFNetworking/Serialization
  - AFNetworking/Reachability (3.2.0)
  - AFNetworking/Security (3.2.0)
  - AFNetworking/Serialization (3.2.0)
  - AFNetworking/UIKit (3.2.0):
    - AFNetworking/NSURLSession
  - FMDB (2.7.2):
    - FMDB/standard (= 2.7.2)
  - FMDB/standard (2.7.2)
  - libmp3lame (3.99.5)
  - Masonry (1.1.0)
  - MJExtension (3.0.13)
  - ReactiveObjC (3.0.0)
  - RMUniversalAlert (0.8.1):
    - RMUniversalAlert/Core (= 0.8.1)
  - RMUniversalAlert/Core (0.8.1):
    - UIActionSheet+Blocks (>= 0.9)
    - UIAlertController+Blocks (>= 0.9)
    - UIAlertView+Blocks (>= 0.9)
  - SDWebImage (4.3.0):
    - SDWebImage/Core (= 4.3.0)
  - SDWebImage/Core (4.3.0)
  - SZTextView (1.3.0)
  - TZImagePickerController (2.0.0.5)
  - UIActionSheet+Blocks (0.9)
  - UIAlertController+Blocks (0.9.2)
  - UIAlertView+Blocks (0.9)
  - YLT_BaseLib (0.0.35):
    - FMDB
    - MJExtension (~> 3.0.13)
  - YLT_Faceboard (0.0.2):
    - Masonry
    - YLT_BaseLib
    - YLT_Kit
    - YYImage
    - YYText
  - YLT_InputAccessoryView (0.0.3):
    - Masonry
    - ReactiveObjC
    - RMUniversalAlert
    - SZTextView
    - TZImagePickerController
    - YLT_BaseLib
    - YLT_Faceboard
    - YLT_Kit
    - YLT_RecordAudio
  - YLT_Kit (0.0.17):
    - AFNetworking
    - Masonry
    - ReactiveObjC (~> 3.0.0)
    - SDWebImage
    - YLT_BaseLib
  - YLT_RecordAudio (0.0.2):
    - libmp3lame
  - YYImage (1.0.4):
    - YYImage/Core (= 1.0.4)
  - YYImage/Core (1.0.4)
  - YYText (1.0.7)

DEPENDENCIES:
  - Masonry
  - ReactiveObjC
  - YLT_InputAccessoryView (from `../`)
  - YLT_RecordAudio

EXTERNAL SOURCES:
  YLT_InputAccessoryView:
    :path: ../

SPEC CHECKSUMS:
  AFNetworking: 8ac6017b94ea105479f7776e5288e48ae9c59bb4
  FMDB: 6198a90e7b6900cfc046e6bc0ef6ebb7be9236aa
  libmp3lame: 1f867bc673ffd466fa206a18998c331b8342899a
  Masonry: 678fab65091a9290e40e2832a55e7ab731aad201
  MJExtension: 5932755f451458eefa24239358817f8d291240c7
  ReactiveObjC: ce79989e8684b9086b5f8d0c74bc7b81a8729c9e
  RMUniversalAlert: ce7118101a19fa41b9adedf907b66a8cc3bd32c8
  SDWebImage: 6da6c8bca115addc4de8613362e1b15f66333825
  SZTextView: 094dc6acc9beec537685c545d6e3e0d4975174e1
  TZImagePickerController: d5d2fa1a8e4d93ab0ada161db5beba60b2294d99
  UIActionSheet+Blocks: e180b7dad0a721ab7f212ac9742af799008bb358
  UIAlertController+Blocks: 80e28b92523fb58aba4d1bccec013d5a0b0bddb2
  UIAlertView+Blocks: a46c99c5144f6c5dbc7d62fd2a0678daceec89a3
  YLT_BaseLib: 56baf52cd4c902876a08949e38f7b93ff04a6a34
  YLT_Faceboard: be9cbf11134349bec725d681d7741f3665883dbb
  YLT_InputAccessoryView: d21e19751df5a2fadb8d16eb3bc5c07ed773de60
  YLT_Kit: a701c429756f5478904b1ce3c7187870d8f55428
  YLT_RecordAudio: 44c983a5600662695877f8e15878e4270977db78
  YYImage: 1e1b62a9997399593e4b9c4ecfbbabbf1d3f3b54
  YYText: 5c461d709e24d55a182d1441c41dc639a18a4849

PODFILE CHECKSUM: 1e41a472f845e286487b6b26687cd757069b080d

COCOAPODS: 1.4.0.rc.1
